{
  "name": "uptime-widget",
  "version": "0.1.5",
  "lockfileVersion": 2,
  "requires": true,
  "packages": {
    "": {
      "version": "0.1.5",
      "license": "MIT",
      "dependencies": {
        "esbuild": "^0.12.13"
      }
    },
    "node_modules/esbuild": {
      "version": "0.12.13",
      "resolved": "https://registry.npmjs.org/esbuild/-/esbuild-0.12.13.tgz",
      "integrity": "sha512-fnKinmXcW1DMYnf1Ol3ZO0yU7dBDCuPcE4XDwceIy2zqTvB4G0NfonqgdvPMJi/IXRoVi/w9r9O5xxg/SqiAxA==",
      "hasInstallScript": true,
      "bin": {
        "esbuild": "bin/esbuild"
      }
    }
  },
  "dependencies": {
    "esbuild": {
      "version": "0.12.13",
      "resolved": "https://registry.npmjs.org/esbuild/-/esbuild-0.12.13.tgz",
      "integrity": "sha512-fnKinmXcW1DMYnf1Ol3ZO0yU7dBDCuPcE4XDwceIy2zqTvB4G0NfonqgdvPMJi/IXRoVi/w9r9O5xxg/SqiAxA=="
    }
  }
}
